Microsoft Visual Studio Solution File, Format Version 12.00
# Visual Studio 15
VisualStudioVersion = 15.0.26124.0
MinimumVisualStudioVersion = 15.0.26124.0
Project("{2150E333-8FDC-42A3-9474-1A3956D46DE8}") = "src", "src", "{D6E79531-3254-4E3C-9CE7-852EB8C1CA7B}"
EndProject
Project("{9A19103F-16F7-4668-BE54-9A1E7A4F7556}") = "Net.Data.Commons", "src\Net.Data.Commons\Net.Data.Commons.csproj", "{B382F6BA-E221-443A-8CD5-4508805C4771}"
EndProject
Project("{2150E333-8FDC-42A3-9474-1A3956D46DE8}") = "test", "test", "{F96CD41D-4F54-4D0F-B69E-32E2DBED05D9}"
EndProject
Project("{9A19103F-16F7-4668-BE54-9A1E7A4F7556}") = "Net.Data.Commons.Test", "test\Net.Data.Commons.Test\Net.Data.Commons.Test.csproj", "{00945442-E1C4-4FFA-BF46-A7113EC9182E}"
EndProject
Global
	GlobalSection(SolutionConfigurationPlatforms) = preSolution
		Debug|Any CPU = Debug|Any CPU
		Debug|x64 = Debug|x64
		Debug|x86 = Debug|x86
		Release|Any CPU = Release|Any CPU
		Release|x64 = Release|x64
		Release|x86 = Release|x86
	EndGlobalSection
	GlobalSection(ProjectConfigurationPlatforms) = postSolution
		{B382F6BA-E221-443A-8CD5-4508805C4771}.Debug|Any CPU.ActiveCfg = Debug|Any CPU
		{B382F6BA-E221-443A-8CD5-4508805C4771}.Debug|Any CPU.Build.0 = Debug|Any CPU
		{B382F6BA-E221-443A-8CD5-4508805C4771}.Debug|x64.ActiveCfg = Debug|Any CPU
		{B382F6BA-E221-443A-8CD5-4508805C4771}.Debug|x64.Build.0 = Debug|Any CPU
		{B382F6BA-E221-443A-8CD5-4508805C4771}.Debug|x86.ActiveCfg = Debug|Any CPU
		{B382F6BA-E221-443A-8CD5-4508805C4771}.Debug|x86.Build.0 = Debug|Any CPU
		{B382F6BA-E221-443A-8CD5-4508805C4771}.Release|Any CPU.ActiveCfg = Release|Any CPU
		{B382F6BA-E221-443A-8CD5-4508805C4771}.Release|Any CPU.Build.0 = Release|Any CPU
		{B382F6BA-E221-443A-8CD5-4508805C4771}.Release|x64.ActiveCfg = Release|Any CPU
		{B382F6BA-E221-443A-8CD5-4508805C4771}.Release|x64.Build.0 = Release|Any CPU
		{B382F6BA-E221-443A-8CD5-4508805C4771}.Release|x86.ActiveCfg = Release|Any CPU
		{B382F6BA-E221-443A-8CD5-4508805C4771}.Release|x86.Build.0 = Release|Any CPU
		{00945442-E1C4-4FFA-BF46-A7113EC9182E}.Debug|Any CPU.ActiveCfg = Debug|Any CPU
		{00945442-E1C4-4FFA-BF46-A7113EC9182E}.Debug|Any CPU.Build.0 = Debug|Any CPU
		{00945442-E1C4-4FFA-BF46-A7113EC9182E}.Debug|x64.ActiveCfg = Debug|Any CPU
		{00945442-E1C4-4FFA-BF46-A7113EC9182E}.Debug|x64.Build.0 = Debug|Any CPU
		{00945442-E1C4-4FFA-BF46-A7113EC9182E}.Debug|x86.ActiveCfg = Debug|Any CPU
		{00945442-E1C4-4FFA-BF46-A7113EC9182E}.Debug|x86.Build.0 = Debug|Any CPU
		{00945442-E1C4-4FFA-BF46-A7113EC9182E}.Release|Any CPU.ActiveCfg = Release|Any CPU
		{00945442-E1C4-4FFA-BF46-A7113EC9182E}.Release|Any CPU.Build.0 = Release|Any CPU
		{00945442-E1C4-4FFA-BF46-A7113EC9182E}.Release|x64.ActiveCfg = Release|Any CPU
		{00945442-E1C4-4FFA-BF46-A7113EC9182E}.Release|x64.Build.0 = Release|Any CPU
		{00945442-E1C4-4FFA-BF46-A7113EC9182E}.Release|x86.ActiveCfg = Release|Any CPU
		{00945442-E1C4-4FFA-BF46-A7113EC9182E}.Release|x86.Build.0 = Release|Any CPU
	EndGlobalSection
	GlobalSection(SolutionProperties) = preSolution
		HideSolutionNode = FALSE
	EndGlobalSection
	GlobalSection(NestedProjects) = preSolution
		{B382F6BA-E221-443A-8CD5-4508805C4771} = {D6E79531-3254-4E3C-9CE7-852EB8C1CA7B}
		{00945442-E1C4-4FFA-BF46-A7113EC9182E} = {F96CD41D-4F54-4D0F-B69E-32E2DBED05D9}
	EndGlobalSection
	GlobalSection(ExtensibilityGlobals) = postSolution
		SolutionGuid = {4E4C52C9-55BE-494B-B6A9-85F07C67A029}
	EndGlobalSection
EndGlobal
